
Microsoft Visual Studio Solution File, Format Version 12.00
# Visual Studio Version 17
VisualStudioVersion = 17.7.34221.43
MinimumVisualStudioVersion = 10.0.40219.1
Project("{FAE04EC0-301F-11D3-BF4B-00C04F79EFBC}") = "operation-T", "operation-T\operation-T.csproj", "{0D33527A-9608-4C9B-B313-7F1941B3F912}"
EndProject
Global
	GlobalSection(SolutionConfigurationPlatforms) = preSolution
		Debug|Any CPU = Debug|Any CPU
		Release|Any CPU = Release|Any CPU
	EndGlobalSection
	GlobalSection(ProjectConfigurationPlatforms) = postSolution
		{0D33527A-9608-4C9B-B313-7F1941B3F912}.Debug|Any CPU.ActiveCfg = Debug|Any CPU
		{0D33527A-9608-4C9B-B313-7F1941B3F912}.Debug|Any CPU.Build.0 = Debug|Any CPU
		{0D33527A-9608-4C9B-B313-7F1941B3F912}.Release|Any CPU.ActiveCfg = Release|Any CPU
		{0D33527A-9608-4C9B-B313-7F1941B3F912}.Release|Any CPU.Build.0 = Release|Any CPU
	EndGlobalSection
	GlobalSection(SolutionProperties) = preSolution
		HideSolutionNode = FALSE
	EndGlobalSection
	GlobalSection(ExtensibilityGlobals) = postSolution
		SolutionGuid = {2A2CDA1C-5AB1-48FC-8F0B-ABE27CEBFD19}
	EndGlobalSection
EndGlobal
